
Microsoft Visual Studio Solution File, Format Version 12.00
# Visual Studio Version 17
VisualStudioVersion = 17.5.002.0
MinimumVisualStudioVersion = 10.0.40219.1
Project("{9A19103F-16F7-4668-BE54-9A1E7A4F7556}") = "CLI.Healthcare", "CLI.Healthcare\CLI.Healthcare.csproj", "{CA50C260-766F-4C84-BCF0-557079097CA3}"
EndProject
Project("{FAE04EC0-301F-11D3-BF4B-00C04F79EFBC}") = "Library.Healthcare", "Library.Healthcare\Library.Healthcare.csproj", "{40A99A71-D871-414D-AF1D-CDC61362747C}"
EndProject
Global
	GlobalSection(SolutionConfigurationPlatforms) = preSolution
		Debug|Any CPU = Debug|Any CPU
		Release|Any CPU = Release|Any CPU
	EndGlobalSection
	GlobalSection(ProjectConfigurationPlatforms) = postSolution
		{CA50C260-766F-4C84-BCF0-557079097CA3}.Debug|Any CPU.ActiveCfg = Debug|Any CPU
		{CA50C260-766F-4C84-BCF0-557079097CA3}.Debug|Any CPU.Build.0 = Debug|Any CPU
		{CA50C260-766F-4C84-BCF0-557079097CA3}.Release|Any CPU.ActiveCfg = Release|Any CPU
		{CA50C260-766F-4C84-BCF0-557079097CA3}.Release|Any CPU.Build.0 = Release|Any CPU
		{40A99A71-D871-414D-AF1D-CDC61362747C}.Debug|Any CPU.ActiveCfg = Debug|Any CPU
		{40A99A71-D871-414D-AF1D-CDC61362747C}.Debug|Any CPU.Build.0 = Debug|Any CPU
		{40A99A71-D871-414D-AF1D-CDC61362747C}.Release|Any CPU.ActiveCfg = Release|Any CPU
		{40A99A71-D871-414D-AF1D-CDC61362747C}.Release|Any CPU.Build.0 = Release|Any CPU
	EndGlobalSection
	GlobalSection(SolutionProperties) = preSolution
		HideSolutionNode = FALSE
	EndGlobalSection
	GlobalSection(ExtensibilityGlobals) = postSolution
		SolutionGuid = {3C3BAC0D-BC9C-4964-804D-94B61D87A456}
	EndGlobalSection
EndGlobal
